{
  "name": "wallet-component",
  "version": "1.0.0",
  "lockfileVersion": 1,
  "requires": true,
  "dependencies": {
    "@banking-component/core": {
      "version": "https://gitpkg.now.sh/101digital/react-native-banking-components/packages/core?sub-component",
      "integrity": "sha512-eUWL1EVwiPCamIrbx1itwzB3K6xsh9V8ZIzdQtV0t/+AMjctIIbnsbAg8S8Kr7qFNe+bhS9ZAmk9DYboEXH4CQ==",
      "requires": {
        "lodash": "^4.17.21"
      }
    },
    "date-and-time": {
      "version": "0.9.0",
      "resolved": "https://registry.npmjs.org/date-and-time/-/date-and-time-0.9.0.tgz",
      "integrity": "sha512-4JybB6PbR+EebpFx/KyR5Ybl+TcdXMLIJkyYsCx3P4M4CWGMuDyFF19yh6TyasMAIF5lrsgIxiSHBXh2FFc7Fg==",
      "dev": true
    },
    "deepmerge": {
      "version": "2.2.1",
      "resolved": "https://registry.npmjs.org/deepmerge/-/deepmerge-2.2.1.tgz",
      "integrity": "sha512-R9hc1Xa/NOBi9WRVUWg19rl1UB7Tt4kuPd+thNJgFZoxXsTz7ncaPaeIm+40oSGuP33DfMb4sZt1QIGiJzC4EA==",
      "dev": true
    },
    "formik": {
      "version": "2.2.9",
      "resolved": "https://registry.npmjs.org/formik/-/formik-2.2.9.tgz",
      "integrity": "sha512-LQLcISMmf1r5at4/gyJigGn0gOwFbeEAlji+N9InZF6LIMXnFNkO42sCI8Jt84YZggpD4cPWObAZaxpEFtSzNA==",
      "dev": true,
      "requires": {
        "deepmerge": "^2.1.1",
        "hoist-non-react-statics": "^3.3.0",
        "lodash": "^4.17.21",
        "lodash-es": "^4.17.21",
        "react-fast-compare": "^2.0.1",
        "tiny-warning": "^1.0.2",
        "tslib": "^1.10.0"
      }
    },
    "hoist-non-react-statics": {
      "version": "3.3.2",
      "resolved": "https://registry.npmjs.org/hoist-non-react-statics/-/hoist-non-react-statics-3.3.2.tgz",
      "integrity": "sha512-/gGivxi8JPKWNm/W0jSmzcMPpfpPLc3dY/6GxhX2hQ9iGj3aDfklV4ET7NjKpSinLpJ5vafa9iiGIEZg10SfBw==",
      "dev": true,
      "requires": {
        "react-is": "^16.7.0"
      }
    },
    "immutable": {
      "version": "4.0.0-rc.14",
      "resolved": "https://registry.npmjs.org/immutable/-/immutable-4.0.0-rc.14.tgz",
      "integrity": "sha512-pfkvmRKJSoW7JFx0QeYlAmT+kNYvn5j0u7bnpNq4N2RCvHSTlLT208G8jgaquNe+Q8kCPHKOSpxJkyvLDpYq0w==",
      "dev": true
    },
    "js-tokens": {
      "version": "4.0.0",
      "resolved": "https://registry.npmjs.org/js-tokens/-/js-tokens-4.0.0.tgz",
      "integrity": "sha512-RdJUflcE3cUzKiMqQgsCu06FPu9UdIJO0beYbPhHN4k6apgJtifcoCtT9bcxOpYBtpD2kCM6Sbzg4CausW/PKQ==",
      "dev": true
    },
    "lodash": {
      "version": "4.17.21",
      "resolved": "https://registry.npmjs.org/lodash/-/lodash-4.17.21.tgz",
      "integrity": "sha512-v2kDEe57lecTulaDIuNTPy3Ry4gLGJ6Z1O3vE1krgXZNrsQ+LFTGHVxVjcXPs17LhbZVGedAJv8XZ1tvj5FvSg=="
    },
    "lodash-es": {
      "version": "4.17.21",
      "resolved": "https://registry.npmjs.org/lodash-es/-/lodash-es-4.17.21.tgz",
      "integrity": "sha512-mKnC+QJ9pWVzv+C4/U3rRsHapFfHvQFoFB92e52xeyGMcX6/OlIl78je1u8vePzYZSkkogMPJ2yjxxsb89cxyw==",
      "dev": true
    },
    "loose-envify": {
      "version": "1.4.0",
      "resolved": "https://registry.npmjs.org/loose-envify/-/loose-envify-1.4.0.tgz",
      "integrity": "sha512-lyuxPGr/Wfhrlem2CL/UcnUc1zcqKAImBDzukY7Y5F/yQiNdko6+fRLevlw1HgMySw7f611UIY408EtxRSoK3Q==",
      "dev": true,
      "requires": {
        "js-tokens": "^3.0.0 || ^4.0.0"
      }
    },
    "memoize-one": {
      "version": "5.2.1",
      "resolved": "https://registry.npmjs.org/memoize-one/-/memoize-one-5.2.1.tgz",
      "integrity": "sha512-zYiwtZUcYyXKo/np96AGZAckk+FWWsUdJ3cHGGmld7+AhvcWmQyGCYUh1hc4Q/pkOhb65dQR/pqCyK0cOaHz4Q==",
      "dev": true
    },
    "mime-db": {
      "version": "1.37.0",
      "resolved": "https://registry.npmjs.org/mime-db/-/mime-db-1.37.0.tgz",
      "integrity": "sha512-R3C4db6bgQhlIhPU48fUtdVmKnflq+hRdad7IyKhtFj06VPNVdk2RhiYL3UjQIlso8L+YxAtFkobT0VK+S/ybg==",
      "dev": true
    },
    "moment": {
      "version": "2.29.1",
      "resolved": "https://registry.npmjs.org/moment/-/moment-2.29.1.tgz",
      "integrity": "sha512-kHmoybcPV8Sqy59DwNDY3Jefr64lK/by/da0ViFcuA4DH0vQg5Q6Ze5VimxkfQNSC+Mls/Kx53s7TjP1RhFEDQ==",
      "dev": true,
      "optional": true
    },
    "object-assign": {
      "version": "4.1.1",
      "resolved": "https://registry.npmjs.org/object-assign/-/object-assign-4.1.1.tgz",
      "integrity": "sha1-IQmtx5ZYh8/AXLvUQsrIv7s2CGM=",
      "dev": true
    },
    "prop-types": {
      "version": "15.7.2",
      "resolved": "https://registry.npmjs.org/prop-types/-/prop-types-15.7.2.tgz",
      "integrity": "sha512-8QQikdH7//R2vurIJSutZ1smHYTcLpRWEOlHnzcWHmBYrOGUysKwSsrC89BCiFj3CbrfJ/nXFdJepOVrY1GCHQ==",
      "dev": true,
      "requires": {
        "loose-envify": "^1.4.0",
        "object-assign": "^4.1.1",
        "react-is": "^16.8.1"
      }
    },
    "react-fast-compare": {
      "version": "2.0.4",
      "resolved": "https://registry.npmjs.org/react-fast-compare/-/react-fast-compare-2.0.4.tgz",
      "integrity": "sha512-suNP+J1VU1MWFKcyt7RtjiSWUjvidmQSlqu+eHslq+342xCbGTYmC0mEhPCOHxlW0CywylOC1u2DFAT+bv4dBw==",
      "dev": true
    },
    "react-is": {
      "version": "16.13.1",
      "resolved": "https://registry.npmjs.org/react-is/-/react-is-16.13.1.tgz",
      "integrity": "sha512-24e6ynE2H+OKt4kqsOvNd8kBpV65zoxbA4BVsEOB3ARVWQki/DHzaUoC5KuON/BiccDaCCTZBuOcfZs70kR8bQ==",
      "dev": true
    },
    "react-native-animatable": {
      "version": "1.3.3",
      "resolved": "https://registry.npmjs.org/react-native-animatable/-/react-native-animatable-1.3.3.tgz",
      "integrity": "sha512-2ckIxZQAsvWn25Ho+DK3d1mXIgj7tITkrS4pYDvx96WyOttSvzzFeQnM2od0+FUMzILbdHDsDEqZvnz1DYNQ1w==",
      "dev": true,
      "requires": {
        "prop-types": "^15.7.2"
      }
    },
    "react-native-calendars": {
      "version": "1.1266.0",
      "resolved": "https://registry.npmjs.org/react-native-calendars/-/react-native-calendars-1.1266.0.tgz",
      "integrity": "sha512-FABZJsam2RsKpD2gTt8OGwSmHEFFbCntMWB7B8Joh6gz8U/rZZ4TCpo2ofH4tUFkF/bpqtbWMygtJzDl/paADw==",
      "dev": true,
      "requires": {
        "hoist-non-react-statics": "^3.3.1",
        "immutable": "^4.0.0-rc.12",
        "lodash": "^4.17.15",
        "memoize-one": "^5.2.1",
        "moment": "^2.24.0",
        "prop-types": "^15.5.10",
        "react-native-swipe-gestures": "^1.0.5",
        "xdate": "^0.8.0"
      }
    },
    "react-native-extra-dimensions-android": {
      "version": "1.2.5",
      "resolved": "https://registry.npmjs.org/react-native-extra-dimensions-android/-/react-native-extra-dimensions-android-1.2.5.tgz",
      "integrity": "sha512-eorFo9X1vEqAWUkgcZ300yKBG1wtgNeE7tdWAH2CE+P50FGTniJg5Sr6l1iPWG8ZskQOuF+KeiSTFlDa4vLfMw==",
      "dev": true
    },
    "react-native-flash-message": {
      "version": "0.1.23",
      "resolved": "https://registry.npmjs.org/react-native-flash-message/-/react-native-flash-message-0.1.23.tgz",
      "integrity": "sha512-T++KNGpIofXRqj3fT+/zJH/su1VgIjGcwiJerSvRsvEXwai1LdUl+O0tX7dz+Lgxi7yzswXKWcUQmY0dZrbG3g==",
      "dev": true,
      "requires": {
        "prop-types": "^15.7.2",
        "react-native-iphone-x-helper": "^1.3.0"
      }
    },
    "react-native-iphone-x-helper": {
      "version": "1.3.1",
      "resolved": "https://registry.npmjs.org/react-native-iphone-x-helper/-/react-native-iphone-x-helper-1.3.1.tgz",
      "integrity": "sha512-HOf0jzRnq2/aFUcdCJ9w9JGzN3gdEg0zFE4FyYlp4jtidqU03D5X7ZegGKfT1EWteR0gPBGp9ye5T5FvSWi9Yg==",
      "dev": true
    },
    "react-native-keyboard-aware-scroll-view": {
      "version": "0.9.4",
      "resolved": "https://registry.npmjs.org/react-native-keyboard-aware-scroll-view/-/react-native-keyboard-aware-scroll-view-0.9.4.tgz",
      "integrity": "sha512-9Q8lxGvUdEnyL2Q0/VZdcEjHUGjm1lOAMd/3bNnhknoA7RqjJDaRGOQDhOAjVW1iwrKUct+B1old87nIsiX6iw==",
      "dev": true,
      "requires": {
        "prop-types": "^15.6.2",
        "react-native-iphone-x-helper": "^1.0.3"
      }
    },
    "react-native-masked-text": {
      "version": "1.13.0",
      "resolved": "https://registry.npmjs.org/react-native-masked-text/-/react-native-masked-text-1.13.0.tgz",
      "integrity": "sha512-iMku5Ky6DP4fTRosjsYNJOhH8yoBQCzRALBdv1wVDKmCBQhhVE8RHr5EW4SNUjkYTZL473sDdEKl4NI948q9FQ==",
      "dev": true,
      "requires": {
        "date-and-time": "0.9.0",
        "tinymask": "1.0.2"
      }
    },
    "react-native-mime-types": {
      "version": "2.3.0",
      "resolved": "https://registry.npmjs.org/react-native-mime-types/-/react-native-mime-types-2.3.0.tgz",
      "integrity": "sha512-9l/kkT1QM0i0xAKkOADkP6jIMhqiS+R/eSKBS/lsUmuMYMqboClyrwTFFZwUcaVIN0SpeH4wOKhYTqCnFgRsEw==",
      "dev": true,
      "requires": {
        "mime-db": "~1.37.0"
      }
    },
    "react-native-modal": {
      "version": "12.1.0",
      "resolved": "https://registry.npmjs.org/react-native-modal/-/react-native-modal-12.1.0.tgz",
      "integrity": "sha512-9myTNZ75gz6MPg1Cngm01x59JbaVkTeWoZvmChmW//PbSAdfbP/dFPnzbidL9IDrRh6Ftuuq8WSuM0aoS5m2lg==",
      "dev": true,
      "requires": {
        "prop-types": "^15.6.2",
        "react-native-animatable": "1.3.3"
      }
    },
    "react-native-swipe-gestures": {
      "version": "1.0.5",
      "resolved": "https://registry.npmjs.org/react-native-swipe-gestures/-/react-native-swipe-gestures-1.0.5.tgz",
      "integrity": "sha512-Ns7Bn9H/Tyw278+5SQx9oAblDZ7JixyzeOczcBK8dipQk2pD7Djkcfnf1nB/8RErAmMLL9iXgW0QHqiII8AhKw==",
      "dev": true
    },
    "react-native-theme-component": {
      "version": "git+https://github.com/101digital/react-native-theme-component.git#c76f44de0f202249674b07f04c20503ea040da16",
      "from": "git+https://github.com/101digital/react-native-theme-component.git",
      "dev": true,
      "requires": {
        "formik": "^2.1.5",
        "lodash": "^4.17.21",
        "react-native-calendars": "^1.1264.0",
        "react-native-extra-dimensions-android": "^1.2.5",
        "react-native-flash-message": "^0.1.23",
        "react-native-keyboard-aware-scroll-view": "^0.9.3",
        "react-native-masked-text": "^1.13.0",
        "react-native-mime-types": "^2.3.0",
        "react-native-modal": "^12.0.2"
      }
    },
    "tiny-warning": {
      "version": "1.0.3",
      "resolved": "https://registry.npmjs.org/tiny-warning/-/tiny-warning-1.0.3.tgz",
      "integrity": "sha512-lBN9zLN/oAf68o3zNXYrdCt1kP8WsiGW8Oo2ka41b2IM5JL/S1CTyX1rW0mb/zSuJun0ZUrDxx4sqvYS2FWzPA==",
      "dev": true
    },
    "tinymask": {
      "version": "1.0.2",
      "resolved": "https://registry.npmjs.org/tinymask/-/tinymask-1.0.2.tgz",
      "integrity": "sha1-3zd1qUCHsNPQVsJW6JI8AbfsCUE=",
      "dev": true
    },
    "tslib": {
      "version": "1.14.1",
      "resolved": "https://registry.npmjs.org/tslib/-/tslib-1.14.1.tgz",
      "integrity": "sha512-Xni35NKzjgMrwevysHTCArtLDpPvye8zV/0E4EyYn43P7/7qvQwPh9BGkHewbMulVntbigmcT7rdX3BNo9wRJg==",
      "dev": true
    },
    "typescript": {
      "version": "4.4.2",
      "resolved": "https://registry.npmjs.org/typescript/-/typescript-4.4.2.tgz",
      "integrity": "sha512-gzP+t5W4hdy4c+68bfcv0t400HVJMMd2+H9B7gae1nQlBzCqvrXX+6GL/b3GAgyTH966pzrZ70/fRjwAtZksSQ==",
      "dev": true
    },
    "xdate": {
      "version": "0.8.2",
      "resolved": "https://registry.npmjs.org/xdate/-/xdate-0.8.2.tgz",
      "integrity": "sha1-17AzwASF0CaVuvAET06s2j/JYaM=",
      "dev": true
    }
  }
}
